
Microsoft Visual Studio Solution File, Format Version 12.00
Project("{8BC9CEB8-8B4A-11D0-8D11-00A0C91BC942}") = "CodeTest1", "CodeTest1\CodeTest1.vcxproj", "{8C250919-7F68-4422-A790-230685370AF9}"
EndProject
Project("{8BC9CEB8-8B4A-11D0-8D11-00A0C91BC942}") = "IceAmericano", "IceAmericano\IceAmericano.vcxproj", "{A25879FC-EE2C-44D4-A37E-184073302670}"
EndProject
Project("{8BC9CEB8-8B4A-11D0-8D11-00A0C91BC942}") = "arraysort", "arraysort\arraysort.vcxproj", "{DEB20DDC-310E-4809-AA86-01E442D6FD1C}"
EndProject
Project("{8BC9CEB8-8B4A-11D0-8D11-00A0C91BC942}") = "OddEven", "OddEven\OddEven.vcxproj", "{70A2A6EA-376D-4456-BD54-5A546AAFF1F9}"
EndProject
Project("{8BC9CEB8-8B4A-11D0-8D11-00A0C91BC942}") = "My_String", "My_String\My_String.vcxproj", "{205A40B0-AADE-472F-A496-A562AB5AB232}"
EndProject
Project("{8BC9CEB8-8B4A-11D0-8D11-00A0C91BC942}") = "ConstEx", "ConstEx\ConstEx.vcxproj", "{21BC99FF-63DC-412D-A8B0-6D642CC52CEB}"
EndProject
Project("{8BC9CEB8-8B4A-11D0-8D11-00A0C91BC942}") = "CutArray", "CutArray\CutArray.vcxproj", "{D436CA65-3086-479E-A39C-8F46377A18AF}"
EndProject
Project("{8BC9CEB8-8B4A-11D0-8D11-00A0C91BC942}") = "Exoplanet", "Exoplanet\Exoplanet.vcxproj", "{5971E06E-2356-4591-BE78-42BCF4BFD3B5}"
EndProject
Project("{8BC9CEB8-8B4A-11D0-8D11-00A0C91BC942}") = "Treatment_order", "Treatment_order\Treatment_order.vcxproj", "{8FDAF1EA-5FC9-4879-B249-FF89B3888571}"
EndProject
Global
	GlobalSection(SolutionConfigurationPlatforms) = preSolution
		Debug|Win32 = Debug|Win32
		Debug|x64 = Debug|x64
		Release|Win32 = Release|Win32
		Release|x64 = Release|x64
	EndGlobalSection
	GlobalSection(ProjectConfigurationPlatforms) = postSolution
		{8C250919-7F68-4422-A790-230685370AF9}.Debug|Win32.ActiveCfg = Debug|Win32
		{8C250919-7F68-4422-A790-230685370AF9}.Debug|Win32.Build.0 = Debug|Win32
		{8C250919-7F68-4422-A790-230685370AF9}.Debug|x64.ActiveCfg = Debug|x64
		{8C250919-7F68-4422-A790-230685370AF9}.Debug|x64.Build.0 = Debug|x64
		{8C250919-7F68-4422-A790-230685370AF9}.Release|Win32.ActiveCfg = Release|Win32
		{8C250919-7F68-4422-A790-230685370AF9}.Release|Win32.Build.0 = Release|Win32
		{8C250919-7F68-4422-A790-230685370AF9}.Release|x64.ActiveCfg = Release|x64
		{8C250919-7F68-4422-A790-230685370AF9}.Release|x64.Build.0 = Release|x64
		{A25879FC-EE2C-44D4-A37E-184073302670}.Debug|Win32.ActiveCfg = Debug|Win32
		{A25879FC-EE2C-44D4-A37E-184073302670}.Debug|Win32.Build.0 = Debug|Win32
		{A25879FC-EE2C-44D4-A37E-184073302670}.Debug|x64.ActiveCfg = Debug|x64
		{A25879FC-EE2C-44D4-A37E-184073302670}.Debug|x64.Build.0 = Debug|x64
		{A25879FC-EE2C-44D4-A37E-184073302670}.Release|Win32.ActiveCfg = Release|Win32
		{A25879FC-EE2C-44D4-A37E-184073302670}.Release|Win32.Build.0 = Release|Win32
		{A25879FC-EE2C-44D4-A37E-184073302670}.Release|x64.ActiveCfg = Release|x64
		{A25879FC-EE2C-44D4-A37E-184073302670}.Release|x64.Build.0 = Release|x64
		{DEB20DDC-310E-4809-AA86-01E442D6FD1C}.Debug|Win32.ActiveCfg = Debug|Win32
		{DEB20DDC-310E-4809-AA86-01E442D6FD1C}.Debug|Win32.Build.0 = Debug|Win32
		{DEB20DDC-310E-4809-AA86-01E442D6FD1C}.Debug|x64.ActiveCfg = Debug|x64
		{DEB20DDC-310E-4809-AA86-01E442D6FD1C}.Debug|x64.Build.0 = Debug|x64
		{DEB20DDC-310E-4809-AA86-01E442D6FD1C}.Release|Win32.ActiveCfg = Release|Win32
		{DEB20DDC-310E-4809-AA86-01E442D6FD1C}.Release|Win32.Build.0 = Release|Win32
		{DEB20DDC-310E-4809-AA86-01E442D6FD1C}.Release|x64.ActiveCfg = Release|x64
		{DEB20DDC-310E-4809-AA86-01E442D6FD1C}.Release|x64.Build.0 = Release|x64
		{70A2A6EA-376D-4456-BD54-5A546AAFF1F9}.Debug|Win32.ActiveCfg = Debug|Win32
		{70A2A6EA-376D-4456-BD54-5A546AAFF1F9}.Debug|Win32.Build.0 = Debug|Win32
		{70A2A6EA-376D-4456-BD54-5A546AAFF1F9}.Debug|x64.ActiveCfg = Debug|x64
		{70A2A6EA-376D-4456-BD54-5A546AAFF1F9}.Debug|x64.Build.0 = Debug|x64
		{70A2A6EA-376D-4456-BD54-5A546AAFF1F9}.Release|Win32.ActiveCfg = Release|Win32
		{70A2A6EA-376D-4456-BD54-5A546AAFF1F9}.Release|Win32.Build.0 = Release|Win32
		{70A2A6EA-376D-4456-BD54-5A546AAFF1F9}.Release|x64.ActiveCfg = Release|x64
		{70A2A6EA-376D-4456-BD54-5A546AAFF1F9}.Release|x64.Build.0 = Release|x64
		{205A40B0-AADE-472F-A496-A562AB5AB232}.Debug|Win32.ActiveCfg = Debug|Win32
		{205A40B0-AADE-472F-A496-A562AB5AB232}.Debug|Win32.Build.0 = Debug|Win32
		{205A40B0-AADE-472F-A496-A562AB5AB232}.Debug|x64.ActiveCfg = Debug|x64
		{205A40B0-AADE-472F-A496-A562AB5AB232}.Debug|x64.Build.0 = Debug|x64
		{205A40B0-AADE-472F-A496-A562AB5AB232}.Release|Win32.ActiveCfg = Release|Win32
		{205A40B0-AADE-472F-A496-A562AB5AB232}.Release|Win32.Build.0 = Release|Win32
		{205A40B0-AADE-472F-A496-A562AB5AB232}.Release|x64.ActiveCfg = Release|x64
		{205A40B0-AADE-472F-A496-A562AB5AB232}.Release|x64.Build.0 = Release|x64
		{21BC99FF-63DC-412D-A8B0-6D642CC52CEB}.Debug|Win32.ActiveCfg = Debug|Win32
		{21BC99FF-63DC-412D-A8B0-6D642CC52CEB}.Debug|Win32.Build.0 = Debug|Win32
		{21BC99FF-63DC-412D-A8B0-6D642CC52CEB}.Debug|x64.ActiveCfg = Debug|x64
		{21BC99FF-63DC-412D-A8B0-6D642CC52CEB}.Debug|x64.Build.0 = Debug|x64
		{21BC99FF-63DC-412D-A8B0-6D642CC52CEB}.Release|Win32.ActiveCfg = Release|Win32
		{21BC99FF-63DC-412D-A8B0-6D642CC52CEB}.Release|Win32.Build.0 = Release|Win32
		{21BC99FF-63DC-412D-A8B0-6D642CC52CEB}.Release|x64.ActiveCfg = Release|x64
		{21BC99FF-63DC-412D-A8B0-6D642CC52CEB}.Release|x64.Build.0 = Release|x64
		{D436CA65-3086-479E-A39C-8F46377A18AF}.Debug|Win32.ActiveCfg = Debug|Win32
		{D436CA65-3086-479E-A39C-8F46377A18AF}.Debug|Win32.Build.0 = Debug|Win32
		{D436CA65-3086-479E-A39C-8F46377A18AF}.Debug|x64.ActiveCfg = Debug|x64
		{D436CA65-3086-479E-A39C-8F46377A18AF}.Debug|x64.Build.0 = Debug|x64
		{D436CA65-3086-479E-A39C-8F46377A18AF}.Release|Win32.ActiveCfg = Release|Win32
		{D436CA65-3086-479E-A39C-8F46377A18AF}.Release|Win32.Build.0 = Release|Win32
		{D436CA65-3086-479E-A39C-8F46377A18AF}.Release|x64.ActiveCfg = Release|x64
		{D436CA65-3086-479E-A39C-8F46377A18AF}.Release|x64.Build.0 = Release|x64
		{5971E06E-2356-4591-BE78-42BCF4BFD3B5}.Debug|Win32.ActiveCfg = Debug|Win32
		{5971E06E-2356-4591-BE78-42BCF4BFD3B5}.Debug|Win32.Build.0 = Debug|Win32
		{5971E06E-2356-4591-BE78-42BCF4BFD3B5}.Debug|x64.ActiveCfg = Debug|x64
		{5971E06E-2356-4591-BE78-42BCF4BFD3B5}.Debug|x64.Build.0 = Debug|x64
		{5971E06E-2356-4591-BE78-42BCF4BFD3B5}.Release|Win32.ActiveCfg = Release|Win32
		{5971E06E-2356-4591-BE78-42BCF4BFD3B5}.Release|Win32.Build.0 = Release|Win32
		{5971E06E-2356-4591-BE78-42BCF4BFD3B5}.Release|x64.ActiveCfg = Release|x64
		{5971E06E-2356-4591-BE78-42BCF4BFD3B5}.Release|x64.Build.0 = Release|x64
		{8FDAF1EA-5FC9-4879-B249-FF89B3888571}.Debug|Win32.ActiveCfg = Debug|Win32
		{8FDAF1EA-5FC9-4879-B249-FF89B3888571}.Debug|Win32.Build.0 = Debug|Win32
		{8FDAF1EA-5FC9-4879-B249-FF89B3888571}.Debug|x64.ActiveCfg = Debug|x64
		{8FDAF1EA-5FC9-4879-B249-FF89B3888571}.Debug|x64.Build.0 = Debug|x64
		{8FDAF1EA-5FC9-4879-B249-FF89B3888571}.Release|Win32.ActiveCfg = Release|Win32
		{8FDAF1EA-5FC9-4879-B249-FF89B3888571}.Release|Win32.Build.0 = Release|Win32
		{8FDAF1EA-5FC9-4879-B249-FF89B3888571}.Release|x64.ActiveCfg = Release|x64
		{8FDAF1EA-5FC9-4879-B249-FF89B3888571}.Release|x64.Build.0 = Release|x64
	EndGlobalSection
EndGlobal
