
Microsoft Visual Studio Solution File, Format Version 12.00
Project("{8BC9CEB8-8B4A-11D0-8D11-00A0C91BC942}") = "CodeTest1", "CodeTest1\CodeTest1.vcxproj", "{8C250919-7F68-4422-A790-230685370AF9}"
EndProject
Project("{8BC9CEB8-8B4A-11D0-8D11-00A0C91BC942}") = "IceAmericano", "IceAmericano\IceAmericano.vcxproj", "{A25879FC-EE2C-44D4-A37E-184073302670}"
EndProject
Project("{8BC9CEB8-8B4A-11D0-8D11-00A0C91BC942}") = "arraysort", "arraysort\arraysort.vcxproj", "{DEB20DDC-310E-4809-AA86-01E442D6FD1C}"
EndProject
Project("{8BC9CEB8-8B4A-11D0-8D11-00A0C91BC942}") = "OddEven", "OddEven\OddEven.vcxproj", "{70A2A6EA-376D-4456-BD54-5A546AAFF1F9}"
EndProject
Project("{8BC9CEB8-8B4A-11D0-8D11-00A0C91BC942}") = "My_String", "My_String\My_String.vcxproj", "{205A40B0-AADE-472F-A496-A562AB5AB232}"
EndProject
Project("{8BC9CEB8-8B4A-11D0-8D11-00A0C91BC942}") = "ConstEx", "ConstEx\ConstEx.vcxproj", "{21BC99FF-63DC-412D-A8B0-6D642CC52CEB}"
EndProject
Project("{8BC9CEB8-8B4A-11D0-8D11-00A0C91BC942}") = "CutArray", "CutArray\CutArray.vcxproj", "{D436CA65-3086-479E-A39C-8F46377A18AF}"
EndProject
Project("{8BC9CEB8-8B4A-11D0-8D11-00A0C91BC942}") = "Exoplanet", "Exoplanet\Exoplanet.vcxproj", "{5971E06E-2356-4591-BE78-42BCF4BFD3B5}"
EndProject
Project("{8BC9CEB8-8B4A-11D0-8D11-00A0C91BC942}") = "Treatment_order", "Treatment_order\Treatment_order.vcxproj", "{8FDAF1EA-5FC9-4879-B249-FF89B3888571}"
EndProject
Project("{8BC9CEB8-8B4A-11D0-8D11-00A0C91BC942}") = "Orderedpair", "Orderedpair\Orderedpair.vcxproj", "{2AD3CB81-B7E2-4256-8AED-360A5D5CFCB4}"
EndProject
Project("{8BC9CEB8-8B4A-11D0-8D11-00A0C91BC942}") = "AntWarrior", "AntWarrior\AntWarrior.vcxproj", "{8A8C2120-9FFE-4470-B0C2-D1AB522F037D}"
EndProject
Project("{8BC9CEB8-8B4A-11D0-8D11-00A0C91BC942}") = "Morse", "Morse\Morse.vcxproj", "{A1FE60F7-0FB4-4E23-BAED-0B109A24971C}"
EndProject
Project("{8BC9CEB8-8B4A-11D0-8D11-00A0C91BC942}") = "RockSiccorsPaper", "RockSiccorsPaper\RockSiccorsPaper.vcxproj", "{E0DCA678-34C6-44B1-B6CA-24F7CCD0A426}"
EndProject
Project("{8BC9CEB8-8B4A-11D0-8D11-00A0C91BC942}") = "Balls", "Balls\Balls.vcxproj", "{908AEE9A-D2FF-4520-A4AB-05991E8BDA47}"
EndProject
Project("{8BC9CEB8-8B4A-11D0-8D11-00A0C91BC942}") = "AnotherBalls", "AnotherBalls\AnotherBalls.vcxproj", "{3F3AFCEF-4FD2-41BD-B761-EDD8E9AFF724}"
EndProject
Project("{8BC9CEB8-8B4A-11D0-8D11-00A0C91BC942}") = "coordinate", "coordinate\coordinate.vcxproj", "{906BF66B-9D4D-446C-8DCE-7E81187418A3}"
EndProject
Project("{8BC9CEB8-8B4A-11D0-8D11-00A0C91BC942}") = "array2D", "array2D\array2D.vcxproj", "{56AD0311-5343-472A-91E5-0A81965702C5}"
EndProject
Project("{8BC9CEB8-8B4A-11D0-8D11-00A0C91BC942}") = "ThrownBall", "ThrownBall\ThrownBall.vcxproj", "{6F76394B-781B-482F-ABE5-4FDD284F63AC}"
EndProject
Project("{8BC9CEB8-8B4A-11D0-8D11-00A0C91BC942}") = "ArraySpin", "ArraySpin\ArraySpin.vcxproj", "{443B4B11-D7BE-4D8F-9FC8-551CF8CEC561}"
EndProject
Project("{8BC9CEB8-8B4A-11D0-8D11-00A0C91BC942}") = "MixAnswer", "MixAnswer\MixAnswer.vcxproj", "{F60B53CB-5F52-4290-BFF3-E576B3F6D4EA}"
EndProject
Project("{8BC9CEB8-8B4A-11D0-8D11-00A0C91BC942}") = "MaxAnswer", "MaxAnswer\MaxAnswer.vcxproj", "{E11498E9-63FF-459C-A8D3-2D73DC29A0BE}"
EndProject
Project("{8BC9CEB8-8B4A-11D0-8D11-00A0C91BC942}") = "Factorial", "Factorial\Factorial.vcxproj", "{2DC5FF7E-9ED0-4FF2-BD19-1A60C8EE296F}"
EndProject
Project("{8BC9CEB8-8B4A-11D0-8D11-00A0C91BC942}") = "Gather", "Gather\Gather.vcxproj", "{8BAE4516-DA75-4707-B7C0-E792C434498C}"
EndProject
Project("{8BC9CEB8-8B4A-11D0-8D11-00A0C91BC942}") = "Remove", "Remove\Remove.vcxproj", "{6537C906-32F8-405D-9E43-2C84C3897A3B}"
EndProject
Global
	GlobalSection(SolutionConfigurationPlatforms) = preSolution
		Debug|Win32 = Debug|Win32
		Debug|x64 = Debug|x64
		Release|Win32 = Release|Win32
		Release|x64 = Release|x64
	EndGlobalSection
	GlobalSection(ProjectConfigurationPlatforms) = postSolution
		{8C250919-7F68-4422-A790-230685370AF9}.Debug|Win32.ActiveCfg = Debug|Win32
		{8C250919-7F68-4422-A790-230685370AF9}.Debug|Win32.Build.0 = Debug|Win32
		{8C250919-7F68-4422-A790-230685370AF9}.Debug|x64.ActiveCfg = Debug|x64
		{8C250919-7F68-4422-A790-230685370AF9}.Debug|x64.Build.0 = Debug|x64
		{8C250919-7F68-4422-A790-230685370AF9}.Release|Win32.ActiveCfg = Release|Win32
		{8C250919-7F68-4422-A790-230685370AF9}.Release|Win32.Build.0 = Release|Win32
		{8C250919-7F68-4422-A790-230685370AF9}.Release|x64.ActiveCfg = Release|x64
		{8C250919-7F68-4422-A790-230685370AF9}.Release|x64.Build.0 = Release|x64
		{A25879FC-EE2C-44D4-A37E-184073302670}.Debug|Win32.ActiveCfg = Debug|Win32
		{A25879FC-EE2C-44D4-A37E-184073302670}.Debug|Win32.Build.0 = Debug|Win32
		{A25879FC-EE2C-44D4-A37E-184073302670}.Debug|x64.ActiveCfg = Debug|x64
		{A25879FC-EE2C-44D4-A37E-184073302670}.Debug|x64.Build.0 = Debug|x64
		{A25879FC-EE2C-44D4-A37E-184073302670}.Release|Win32.ActiveCfg = Release|Win32
		{A25879FC-EE2C-44D4-A37E-184073302670}.Release|Win32.Build.0 = Release|Win32
		{A25879FC-EE2C-44D4-A37E-184073302670}.Release|x64.ActiveCfg = Release|x64
		{A25879FC-EE2C-44D4-A37E-184073302670}.Release|x64.Build.0 = Release|x64
		{DEB20DDC-310E-4809-AA86-01E442D6FD1C}.Debug|Win32.ActiveCfg = Debug|Win32
		{DEB20DDC-310E-4809-AA86-01E442D6FD1C}.Debug|Win32.Build.0 = Debug|Win32
		{DEB20DDC-310E-4809-AA86-01E442D6FD1C}.Debug|x64.ActiveCfg = Debug|x64
		{DEB20DDC-310E-4809-AA86-01E442D6FD1C}.Debug|x64.Build.0 = Debug|x64
		{DEB20DDC-310E-4809-AA86-01E442D6FD1C}.Release|Win32.ActiveCfg = Release|Win32
		{DEB20DDC-310E-4809-AA86-01E442D6FD1C}.Release|Win32.Build.0 = Release|Win32
		{DEB20DDC-310E-4809-AA86-01E442D6FD1C}.Release|x64.ActiveCfg = Release|x64
		{DEB20DDC-310E-4809-AA86-01E442D6FD1C}.Release|x64.Build.0 = Release|x64
		{70A2A6EA-376D-4456-BD54-5A546AAFF1F9}.Debug|Win32.ActiveCfg = Debug|Win32
		{70A2A6EA-376D-4456-BD54-5A546AAFF1F9}.Debug|Win32.Build.0 = Debug|Win32
		{70A2A6EA-376D-4456-BD54-5A546AAFF1F9}.Debug|x64.ActiveCfg = Debug|x64
		{70A2A6EA-376D-4456-BD54-5A546AAFF1F9}.Debug|x64.Build.0 = Debug|x64
		{70A2A6EA-376D-4456-BD54-5A546AAFF1F9}.Release|Win32.ActiveCfg = Release|Win32
		{70A2A6EA-376D-4456-BD54-5A546AAFF1F9}.Release|Win32.Build.0 = Release|Win32
		{70A2A6EA-376D-4456-BD54-5A546AAFF1F9}.Release|x64.ActiveCfg = Release|x64
		{70A2A6EA-376D-4456-BD54-5A546AAFF1F9}.Release|x64.Build.0 = Release|x64
		{205A40B0-AADE-472F-A496-A562AB5AB232}.Debug|Win32.ActiveCfg = Debug|Win32
		{205A40B0-AADE-472F-A496-A562AB5AB232}.Debug|Win32.Build.0 = Debug|Win32
		{205A40B0-AADE-472F-A496-A562AB5AB232}.Debug|x64.ActiveCfg = Debug|x64
		{205A40B0-AADE-472F-A496-A562AB5AB232}.Debug|x64.Build.0 = Debug|x64
		{205A40B0-AADE-472F-A496-A562AB5AB232}.Release|Win32.ActiveCfg = Release|Win32
		{205A40B0-AADE-472F-A496-A562AB5AB232}.Release|Win32.Build.0 = Release|Win32
		{205A40B0-AADE-472F-A496-A562AB5AB232}.Release|x64.ActiveCfg = Release|x64
		{205A40B0-AADE-472F-A496-A562AB5AB232}.Release|x64.Build.0 = Release|x64
		{21BC99FF-63DC-412D-A8B0-6D642CC52CEB}.Debug|Win32.ActiveCfg = Debug|Win32
		{21BC99FF-63DC-412D-A8B0-6D642CC52CEB}.Debug|Win32.Build.0 = Debug|Win32
		{21BC99FF-63DC-412D-A8B0-6D642CC52CEB}.Debug|x64.ActiveCfg = Debug|x64
		{21BC99FF-63DC-412D-A8B0-6D642CC52CEB}.Debug|x64.Build.0 = Debug|x64
		{21BC99FF-63DC-412D-A8B0-6D642CC52CEB}.Release|Win32.ActiveCfg = Release|Win32
		{21BC99FF-63DC-412D-A8B0-6D642CC52CEB}.Release|Win32.Build.0 = Release|Win32
		{21BC99FF-63DC-412D-A8B0-6D642CC52CEB}.Release|x64.ActiveCfg = Release|x64
		{21BC99FF-63DC-412D-A8B0-6D642CC52CEB}.Release|x64.Build.0 = Release|x64
		{D436CA65-3086-479E-A39C-8F46377A18AF}.Debug|Win32.ActiveCfg = Debug|Win32
		{D436CA65-3086-479E-A39C-8F46377A18AF}.Debug|Win32.Build.0 = Debug|Win32
		{D436CA65-3086-479E-A39C-8F46377A18AF}.Debug|x64.ActiveCfg = Debug|x64
		{D436CA65-3086-479E-A39C-8F46377A18AF}.Debug|x64.Build.0 = Debug|x64
		{D436CA65-3086-479E-A39C-8F46377A18AF}.Release|Win32.ActiveCfg = Release|Win32
		{D436CA65-3086-479E-A39C-8F46377A18AF}.Release|Win32.Build.0 = Release|Win32
		{D436CA65-3086-479E-A39C-8F46377A18AF}.Release|x64.ActiveCfg = Release|x64
		{D436CA65-3086-479E-A39C-8F46377A18AF}.Release|x64.Build.0 = Release|x64
		{5971E06E-2356-4591-BE78-42BCF4BFD3B5}.Debug|Win32.ActiveCfg = Debug|Win32
		{5971E06E-2356-4591-BE78-42BCF4BFD3B5}.Debug|Win32.Build.0 = Debug|Win32
		{5971E06E-2356-4591-BE78-42BCF4BFD3B5}.Debug|x64.ActiveCfg = Debug|x64
		{5971E06E-2356-4591-BE78-42BCF4BFD3B5}.Debug|x64.Build.0 = Debug|x64
		{5971E06E-2356-4591-BE78-42BCF4BFD3B5}.Release|Win32.ActiveCfg = Release|Win32
		{5971E06E-2356-4591-BE78-42BCF4BFD3B5}.Release|Win32.Build.0 = Release|Win32
		{5971E06E-2356-4591-BE78-42BCF4BFD3B5}.Release|x64.ActiveCfg = Release|x64
		{5971E06E-2356-4591-BE78-42BCF4BFD3B5}.Release|x64.Build.0 = Release|x64
		{8FDAF1EA-5FC9-4879-B249-FF89B3888571}.Debug|Win32.ActiveCfg = Debug|Win32
		{8FDAF1EA-5FC9-4879-B249-FF89B3888571}.Debug|Win32.Build.0 = Debug|Win32
		{8FDAF1EA-5FC9-4879-B249-FF89B3888571}.Debug|x64.ActiveCfg = Debug|x64
		{8FDAF1EA-5FC9-4879-B249-FF89B3888571}.Debug|x64.Build.0 = Debug|x64
		{8FDAF1EA-5FC9-4879-B249-FF89B3888571}.Release|Win32.ActiveCfg = Release|Win32
		{8FDAF1EA-5FC9-4879-B249-FF89B3888571}.Release|Win32.Build.0 = Release|Win32
		{8FDAF1EA-5FC9-4879-B249-FF89B3888571}.Release|x64.ActiveCfg = Release|x64
		{8FDAF1EA-5FC9-4879-B249-FF89B3888571}.Release|x64.Build.0 = Release|x64
		{2AD3CB81-B7E2-4256-8AED-360A5D5CFCB4}.Debug|Win32.ActiveCfg = Debug|Win32
		{2AD3CB81-B7E2-4256-8AED-360A5D5CFCB4}.Debug|Win32.Build.0 = Debug|Win32
		{2AD3CB81-B7E2-4256-8AED-360A5D5CFCB4}.Debug|x64.ActiveCfg = Debug|x64
		{2AD3CB81-B7E2-4256-8AED-360A5D5CFCB4}.Debug|x64.Build.0 = Debug|x64
		{2AD3CB81-B7E2-4256-8AED-360A5D5CFCB4}.Release|Win32.ActiveCfg = Release|Win32
		{2AD3CB81-B7E2-4256-8AED-360A5D5CFCB4}.Release|Win32.Build.0 = Release|Win32
		{2AD3CB81-B7E2-4256-8AED-360A5D5CFCB4}.Release|x64.ActiveCfg = Release|x64
		{2AD3CB81-B7E2-4256-8AED-360A5D5CFCB4}.Release|x64.Build.0 = Release|x64
		{8A8C2120-9FFE-4470-B0C2-D1AB522F037D}.Debug|Win32.ActiveCfg = Debug|Win32
		{8A8C2120-9FFE-4470-B0C2-D1AB522F037D}.Debug|Win32.Build.0 = Debug|Win32
		{8A8C2120-9FFE-4470-B0C2-D1AB522F037D}.Debug|x64.ActiveCfg = Debug|x64
		{8A8C2120-9FFE-4470-B0C2-D1AB522F037D}.Debug|x64.Build.0 = Debug|x64
		{8A8C2120-9FFE-4470-B0C2-D1AB522F037D}.Release|Win32.ActiveCfg = Release|Win32
		{8A8C2120-9FFE-4470-B0C2-D1AB522F037D}.Release|Win32.Build.0 = Release|Win32
		{8A8C2120-9FFE-4470-B0C2-D1AB522F037D}.Release|x64.ActiveCfg = Release|x64
		{8A8C2120-9FFE-4470-B0C2-D1AB522F037D}.Release|x64.Build.0 = Release|x64
		{A1FE60F7-0FB4-4E23-BAED-0B109A24971C}.Debug|Win32.ActiveCfg = Debug|Win32
		{A1FE60F7-0FB4-4E23-BAED-0B109A24971C}.Debug|Win32.Build.0 = Debug|Win32
		{A1FE60F7-0FB4-4E23-BAED-0B109A24971C}.Debug|x64.ActiveCfg = Debug|x64
		{A1FE60F7-0FB4-4E23-BAED-0B109A24971C}.Debug|x64.Build.0 = Debug|x64
		{A1FE60F7-0FB4-4E23-BAED-0B109A24971C}.Release|Win32.ActiveCfg = Release|Win32
		{A1FE60F7-0FB4-4E23-BAED-0B109A24971C}.Release|Win32.Build.0 = Release|Win32
		{A1FE60F7-0FB4-4E23-BAED-0B109A24971C}.Release|x64.ActiveCfg = Release|x64
		{A1FE60F7-0FB4-4E23-BAED-0B109A24971C}.Release|x64.Build.0 = Release|x64
		{E0DCA678-34C6-44B1-B6CA-24F7CCD0A426}.Debug|Win32.ActiveCfg = Debug|Win32
		{E0DCA678-34C6-44B1-B6CA-24F7CCD0A426}.Debug|Win32.Build.0 = Debug|Win32
		{E0DCA678-34C6-44B1-B6CA-24F7CCD0A426}.Debug|x64.ActiveCfg = Debug|x64
		{E0DCA678-34C6-44B1-B6CA-24F7CCD0A426}.Debug|x64.Build.0 = Debug|x64
		{E0DCA678-34C6-44B1-B6CA-24F7CCD0A426}.Release|Win32.ActiveCfg = Release|Win32
		{E0DCA678-34C6-44B1-B6CA-24F7CCD0A426}.Release|Win32.Build.0 = Release|Win32
		{E0DCA678-34C6-44B1-B6CA-24F7CCD0A426}.Release|x64.ActiveCfg = Release|x64
		{E0DCA678-34C6-44B1-B6CA-24F7CCD0A426}.Release|x64.Build.0 = Release|x64
		{908AEE9A-D2FF-4520-A4AB-05991E8BDA47}.Debug|Win32.ActiveCfg = Debug|Win32
		{908AEE9A-D2FF-4520-A4AB-05991E8BDA47}.Debug|Win32.Build.0 = Debug|Win32
		{908AEE9A-D2FF-4520-A4AB-05991E8BDA47}.Debug|x64.ActiveCfg = Debug|x64
		{908AEE9A-D2FF-4520-A4AB-05991E8BDA47}.Debug|x64.Build.0 = Debug|x64
		{908AEE9A-D2FF-4520-A4AB-05991E8BDA47}.Release|Win32.ActiveCfg = Release|Win32
		{908AEE9A-D2FF-4520-A4AB-05991E8BDA47}.Release|Win32.Build.0 = Release|Win32
		{908AEE9A-D2FF-4520-A4AB-05991E8BDA47}.Release|x64.ActiveCfg = Release|x64
		{908AEE9A-D2FF-4520-A4AB-05991E8BDA47}.Release|x64.Build.0 = Release|x64
		{3F3AFCEF-4FD2-41BD-B761-EDD8E9AFF724}.Debug|Win32.ActiveCfg = Debug|Win32
		{3F3AFCEF-4FD2-41BD-B761-EDD8E9AFF724}.Debug|Win32.Build.0 = Debug|Win32
		{3F3AFCEF-4FD2-41BD-B761-EDD8E9AFF724}.Debug|x64.ActiveCfg = Debug|x64
		{3F3AFCEF-4FD2-41BD-B761-EDD8E9AFF724}.Debug|x64.Build.0 = Debug|x64
		{3F3AFCEF-4FD2-41BD-B761-EDD8E9AFF724}.Release|Win32.ActiveCfg = Release|Win32
		{3F3AFCEF-4FD2-41BD-B761-EDD8E9AFF724}.Release|Win32.Build.0 = Release|Win32
		{3F3AFCEF-4FD2-41BD-B761-EDD8E9AFF724}.Release|x64.ActiveCfg = Release|x64
		{3F3AFCEF-4FD2-41BD-B761-EDD8E9AFF724}.Release|x64.Build.0 = Release|x64
		{906BF66B-9D4D-446C-8DCE-7E81187418A3}.Debug|Win32.ActiveCfg = Debug|Win32
		{906BF66B-9D4D-446C-8DCE-7E81187418A3}.Debug|Win32.Build.0 = Debug|Win32
		{906BF66B-9D4D-446C-8DCE-7E81187418A3}.Debug|x64.ActiveCfg = Debug|x64
		{906BF66B-9D4D-446C-8DCE-7E81187418A3}.Debug|x64.Build.0 = Debug|x64
		{906BF66B-9D4D-446C-8DCE-7E81187418A3}.Release|Win32.ActiveCfg = Release|Win32
		{906BF66B-9D4D-446C-8DCE-7E81187418A3}.Release|Win32.Build.0 = Release|Win32
		{906BF66B-9D4D-446C-8DCE-7E81187418A3}.Release|x64.ActiveCfg = Release|x64
		{906BF66B-9D4D-446C-8DCE-7E81187418A3}.Release|x64.Build.0 = Release|x64
		{56AD0311-5343-472A-91E5-0A81965702C5}.Debug|Win32.ActiveCfg = Debug|Win32
		{56AD0311-5343-472A-91E5-0A81965702C5}.Debug|Win32.Build.0 = Debug|Win32
		{56AD0311-5343-472A-91E5-0A81965702C5}.Debug|x64.ActiveCfg = Debug|x64
		{56AD0311-5343-472A-91E5-0A81965702C5}.Debug|x64.Build.0 = Debug|x64
		{56AD0311-5343-472A-91E5-0A81965702C5}.Release|Win32.ActiveCfg = Release|Win32
		{56AD0311-5343-472A-91E5-0A81965702C5}.Release|Win32.Build.0 = Release|Win32
		{56AD0311-5343-472A-91E5-0A81965702C5}.Release|x64.ActiveCfg = Release|x64
		{56AD0311-5343-472A-91E5-0A81965702C5}.Release|x64.Build.0 = Release|x64
		{6F76394B-781B-482F-ABE5-4FDD284F63AC}.Debug|Win32.ActiveCfg = Debug|Win32
		{6F76394B-781B-482F-ABE5-4FDD284F63AC}.Debug|Win32.Build.0 = Debug|Win32
		{6F76394B-781B-482F-ABE5-4FDD284F63AC}.Debug|x64.ActiveCfg = Debug|x64
		{6F76394B-781B-482F-ABE5-4FDD284F63AC}.Debug|x64.Build.0 = Debug|x64
		{6F76394B-781B-482F-ABE5-4FDD284F63AC}.Release|Win32.ActiveCfg = Release|Win32
		{6F76394B-781B-482F-ABE5-4FDD284F63AC}.Release|Win32.Build.0 = Release|Win32
		{6F76394B-781B-482F-ABE5-4FDD284F63AC}.Release|x64.ActiveCfg = Release|x64
		{6F76394B-781B-482F-ABE5-4FDD284F63AC}.Release|x64.Build.0 = Release|x64
		{443B4B11-D7BE-4D8F-9FC8-551CF8CEC561}.Debug|Win32.ActiveCfg = Debug|Win32
		{443B4B11-D7BE-4D8F-9FC8-551CF8CEC561}.Debug|Win32.Build.0 = Debug|Win32
		{443B4B11-D7BE-4D8F-9FC8-551CF8CEC561}.Debug|x64.ActiveCfg = Debug|x64
		{443B4B11-D7BE-4D8F-9FC8-551CF8CEC561}.Debug|x64.Build.0 = Debug|x64
		{443B4B11-D7BE-4D8F-9FC8-551CF8CEC561}.Release|Win32.ActiveCfg = Release|Win32
		{443B4B11-D7BE-4D8F-9FC8-551CF8CEC561}.Release|Win32.Build.0 = Release|Win32
		{443B4B11-D7BE-4D8F-9FC8-551CF8CEC561}.Release|x64.ActiveCfg = Release|x64
		{443B4B11-D7BE-4D8F-9FC8-551CF8CEC561}.Release|x64.Build.0 = Release|x64
		{F60B53CB-5F52-4290-BFF3-E576B3F6D4EA}.Debug|Win32.ActiveCfg = Debug|Win32
		{F60B53CB-5F52-4290-BFF3-E576B3F6D4EA}.Debug|Win32.Build.0 = Debug|Win32
		{F60B53CB-5F52-4290-BFF3-E576B3F6D4EA}.Debug|x64.ActiveCfg = Debug|x64
		{F60B53CB-5F52-4290-BFF3-E576B3F6D4EA}.Debug|x64.Build.0 = Debug|x64
		{F60B53CB-5F52-4290-BFF3-E576B3F6D4EA}.Release|Win32.ActiveCfg = Release|Win32
		{F60B53CB-5F52-4290-BFF3-E576B3F6D4EA}.Release|Win32.Build.0 = Release|Win32
		{F60B53CB-5F52-4290-BFF3-E576B3F6D4EA}.Release|x64.ActiveCfg = Release|x64
		{F60B53CB-5F52-4290-BFF3-E576B3F6D4EA}.Release|x64.Build.0 = Release|x64
		{E11498E9-63FF-459C-A8D3-2D73DC29A0BE}.Debug|Win32.ActiveCfg = Debug|Win32
		{E11498E9-63FF-459C-A8D3-2D73DC29A0BE}.Debug|Win32.Build.0 = Debug|Win32
		{E11498E9-63FF-459C-A8D3-2D73DC29A0BE}.Debug|x64.ActiveCfg = Debug|x64
		{E11498E9-63FF-459C-A8D3-2D73DC29A0BE}.Debug|x64.Build.0 = Debug|x64
		{E11498E9-63FF-459C-A8D3-2D73DC29A0BE}.Release|Win32.ActiveCfg = Release|Win32
		{E11498E9-63FF-459C-A8D3-2D73DC29A0BE}.Release|Win32.Build.0 = Release|Win32
		{E11498E9-63FF-459C-A8D3-2D73DC29A0BE}.Release|x64.ActiveCfg = Release|x64
		{E11498E9-63FF-459C-A8D3-2D73DC29A0BE}.Release|x64.Build.0 = Release|x64
		{2DC5FF7E-9ED0-4FF2-BD19-1A60C8EE296F}.Debug|Win32.ActiveCfg = Debug|Win32
		{2DC5FF7E-9ED0-4FF2-BD19-1A60C8EE296F}.Debug|Win32.Build.0 = Debug|Win32
		{2DC5FF7E-9ED0-4FF2-BD19-1A60C8EE296F}.Debug|x64.ActiveCfg = Debug|x64
		{2DC5FF7E-9ED0-4FF2-BD19-1A60C8EE296F}.Debug|x64.Build.0 = Debug|x64
		{2DC5FF7E-9ED0-4FF2-BD19-1A60C8EE296F}.Release|Win32.ActiveCfg = Release|Win32
		{2DC5FF7E-9ED0-4FF2-BD19-1A60C8EE296F}.Release|Win32.Build.0 = Release|Win32
		{2DC5FF7E-9ED0-4FF2-BD19-1A60C8EE296F}.Release|x64.ActiveCfg = Release|x64
		{2DC5FF7E-9ED0-4FF2-BD19-1A60C8EE296F}.Release|x64.Build.0 = Release|x64
		{8BAE4516-DA75-4707-B7C0-E792C434498C}.Debug|Win32.ActiveCfg = Debug|Win32
		{8BAE4516-DA75-4707-B7C0-E792C434498C}.Debug|Win32.Build.0 = Debug|Win32
		{8BAE4516-DA75-4707-B7C0-E792C434498C}.Debug|x64.ActiveCfg = Debug|x64
		{8BAE4516-DA75-4707-B7C0-E792C434498C}.Debug|x64.Build.0 = Debug|x64
		{8BAE4516-DA75-4707-B7C0-E792C434498C}.Release|Win32.ActiveCfg = Release|Win32
		{8BAE4516-DA75-4707-B7C0-E792C434498C}.Release|Win32.Build.0 = Release|Win32
		{8BAE4516-DA75-4707-B7C0-E792C434498C}.Release|x64.ActiveCfg = Release|x64
		{8BAE4516-DA75-4707-B7C0-E792C434498C}.Release|x64.Build.0 = Release|x64
		{6537C906-32F8-405D-9E43-2C84C3897A3B}.Debug|Win32.ActiveCfg = Debug|Win32
		{6537C906-32F8-405D-9E43-2C84C3897A3B}.Debug|Win32.Build.0 = Debug|Win32
		{6537C906-32F8-405D-9E43-2C84C3897A3B}.Debug|x64.ActiveCfg = Debug|x64
		{6537C906-32F8-405D-9E43-2C84C3897A3B}.Debug|x64.Build.0 = Debug|x64
		{6537C906-32F8-405D-9E43-2C84C3897A3B}.Release|Win32.ActiveCfg = Release|Win32
		{6537C906-32F8-405D-9E43-2C84C3897A3B}.Release|Win32.Build.0 = Release|Win32
		{6537C906-32F8-405D-9E43-2C84C3897A3B}.Release|x64.ActiveCfg = Release|x64
		{6537C906-32F8-405D-9E43-2C84C3897A3B}.Release|x64.Build.0 = Release|x64
	EndGlobalSection
EndGlobal
