
Microsoft Visual Studio Solution File, Format Version 12.00
Project("{8BC9CEB8-8B4A-11D0-8D11-00A0C91BC942}") = "CodeTest1", "CodeTest1\CodeTest1.vcxproj", "{8C250919-7F68-4422-A790-230685370AF9}"
EndProject
Project("{8BC9CEB8-8B4A-11D0-8D11-00A0C91BC942}") = "IceAmericano", "IceAmericano\IceAmericano.vcxproj", "{A25879FC-EE2C-44D4-A37E-184073302670}"
EndProject
Project("{8BC9CEB8-8B4A-11D0-8D11-00A0C91BC942}") = "arraysort", "arraysort\arraysort.vcxproj", "{DEB20DDC-310E-4809-AA86-01E442D6FD1C}"
EndProject
Project("{8BC9CEB8-8B4A-11D0-8D11-00A0C91BC942}") = "OddEven", "OddEven\OddEven.vcxproj", "{70A2A6EA-376D-4456-BD54-5A546AAFF1F9}"
EndProject
Project("{8BC9CEB8-8B4A-11D0-8D11-00A0C91BC942}") = "My_String", "My_String\My_String.vcxproj", "{205A40B0-AADE-472F-A496-A562AB5AB232}"
EndProject
Project("{8BC9CEB8-8B4A-11D0-8D11-00A0C91BC942}") = "ConstEx", "ConstEx\ConstEx.vcxproj", "{21BC99FF-63DC-412D-A8B0-6D642CC52CEB}"
EndProject
Project("{8BC9CEB8-8B4A-11D0-8D11-00A0C91BC942}") = "CutArray", "CutArray\CutArray.vcxproj", "{D436CA65-3086-479E-A39C-8F46377A18AF}"
EndProject
Project("{8BC9CEB8-8B4A-11D0-8D11-00A0C91BC942}") = "Exoplanet", "Exoplanet\Exoplanet.vcxproj", "{5971E06E-2356-4591-BE78-42BCF4BFD3B5}"
EndProject
Project("{8BC9CEB8-8B4A-11D0-8D11-00A0C91BC942}") = "Treatment_order", "Treatment_order\Treatment_order.vcxproj", "{8FDAF1EA-5FC9-4879-B249-FF89B3888571}"
EndProject
Project("{8BC9CEB8-8B4A-11D0-8D11-00A0C91BC942}") = "Orderedpair", "Orderedpair\Orderedpair.vcxproj", "{2AD3CB81-B7E2-4256-8AED-360A5D5CFCB4}"
EndProject
Project("{8BC9CEB8-8B4A-11D0-8D11-00A0C91BC942}") = "AntWarrior", "AntWarrior\AntWarrior.vcxproj", "{8A8C2120-9FFE-4470-B0C2-D1AB522F037D}"
EndProject
Project("{8BC9CEB8-8B4A-11D0-8D11-00A0C91BC942}") = "Morse", "Morse\Morse.vcxproj", "{A1FE60F7-0FB4-4E23-BAED-0B109A24971C}"
EndProject
Project("{8BC9CEB8-8B4A-11D0-8D11-00A0C91BC942}") = "RockSiccorsPaper", "RockSiccorsPaper\RockSiccorsPaper.vcxproj", "{E0DCA678-34C6-44B1-B6CA-24F7CCD0A426}"
EndProject
Project("{8BC9CEB8-8B4A-11D0-8D11-00A0C91BC942}") = "Balls", "Balls\Balls.vcxproj", "{908AEE9A-D2FF-4520-A4AB-05991E8BDA47}"
EndProject
Project("{8BC9CEB8-8B4A-11D0-8D11-00A0C91BC942}") = "AnotherBalls", "AnotherBalls\AnotherBalls.vcxproj", "{3F3AFCEF-4FD2-41BD-B761-EDD8E9AFF724}"
EndProject
Global
	GlobalSection(SolutionConfigurationPlatforms) = preSolution
		Debug|Win32 = Debug|Win32
		Debug|x64 = Debug|x64
		Release|Win32 = Release|Win32
		Release|x64 = Release|x64
	EndGlobalSection
	GlobalSection(ProjectConfigurationPlatforms) = postSolution
		{8C250919-7F68-4422-A790-230685370AF9}.Debug|Win32.ActiveCfg = Debug|Win32
		{8C250919-7F68-4422-A790-230685370AF9}.Debug|Win32.Build.0 = Debug|Win32
		{8C250919-7F68-4422-A790-230685370AF9}.Debug|x64.ActiveCfg = Debug|x64
		{8C250919-7F68-4422-A790-230685370AF9}.Debug|x64.Build.0 = Debug|x64
		{8C250919-7F68-4422-A790-230685370AF9}.Release|Win32.ActiveCfg = Release|Win32
		{8C250919-7F68-4422-A790-230685370AF9}.Release|Win32.Build.0 = Release|Win32
		{8C250919-7F68-4422-A790-230685370AF9}.Release|x64.ActiveCfg = Release|x64
		{8C250919-7F68-4422-A790-230685370AF9}.Release|x64.Build.0 = Release|x64
		{A25879FC-EE2C-44D4-A37E-184073302670}.Debug|Win32.ActiveCfg = Debug|Win32
		{A25879FC-EE2C-44D4-A37E-184073302670}.Debug|Win32.Build.0 = Debug|Win32
		{A25879FC-EE2C-44D4-A37E-184073302670}.Debug|x64.ActiveCfg = Debug|x64
		{A25879FC-EE2C-44D4-A37E-184073302670}.Debug|x64.Build.0 = Debug|x64
		{A25879FC-EE2C-44D4-A37E-184073302670}.Release|Win32.ActiveCfg = Release|Win32
		{A25879FC-EE2C-44D4-A37E-184073302670}.Release|Win32.Build.0 = Release|Win32
		{A25879FC-EE2C-44D4-A37E-184073302670}.Release|x64.ActiveCfg = Release|x64
		{A25879FC-EE2C-44D4-A37E-184073302670}.Release|x64.Build.0 = Release|x64
		{DEB20DDC-310E-4809-AA86-01E442D6FD1C}.Debug|Win32.ActiveCfg = Debug|Win32
		{DEB20DDC-310E-4809-AA86-01E442D6FD1C}.Debug|Win32.Build.0 = Debug|Win32
		{DEB20DDC-310E-4809-AA86-01E442D6FD1C}.Debug|x64.ActiveCfg = Debug|x64
		{DEB20DDC-310E-4809-AA86-01E442D6FD1C}.Debug|x64.Build.0 = Debug|x64
		{DEB20DDC-310E-4809-AA86-01E442D6FD1C}.Release|Win32.ActiveCfg = Release|Win32
		{DEB20DDC-310E-4809-AA86-01E442D6FD1C}.Release|Win32.Build.0 = Release|Win32
		{DEB20DDC-310E-4809-AA86-01E442D6FD1C}.Release|x64.ActiveCfg = Release|x64
		{DEB20DDC-310E-4809-AA86-01E442D6FD1C}.Release|x64.Build.0 = Release|x64
		{70A2A6EA-376D-4456-BD54-5A546AAFF1F9}.Debug|Win32.ActiveCfg = Debug|Win32
		{70A2A6EA-376D-4456-BD54-5A546AAFF1F9}.Debug|Win32.Build.0 = Debug|Win32
		{70A2A6EA-376D-4456-BD54-5A546AAFF1F9}.Debug|x64.ActiveCfg = Debug|x64
		{70A2A6EA-376D-4456-BD54-5A546AAFF1F9}.Debug|x64.Build.0 = Debug|x64
		{70A2A6EA-376D-4456-BD54-5A546AAFF1F9}.Release|Win32.ActiveCfg = Release|Win32
		{70A2A6EA-376D-4456-BD54-5A546AAFF1F9}.Release|Win32.Build.0 = Release|Win32
		{70A2A6EA-376D-4456-BD54-5A546AAFF1F9}.Release|x64.ActiveCfg = Release|x64
		{70A2A6EA-376D-4456-BD54-5A546AAFF1F9}.Release|x64.Build.0 = Release|x64
		{205A40B0-AADE-472F-A496-A562AB5AB232}.Debug|Win32.ActiveCfg = Debug|Win32
		{205A40B0-AADE-472F-A496-A562AB5AB232}.Debug|Win32.Build.0 = Debug|Win32
		{205A40B0-AADE-472F-A496-A562AB5AB232}.Debug|x64.ActiveCfg = Debug|x64
		{205A40B0-AADE-472F-A496-A562AB5AB232}.Debug|x64.Build.0 = Debug|x64
		{205A40B0-AADE-472F-A496-A562AB5AB232}.Release|Win32.ActiveCfg = Release|Win32
		{205A40B0-AADE-472F-A496-A562AB5AB232}.Release|Win32.Build.0 = Release|Win32
		{205A40B0-AADE-472F-A496-A562AB5AB232}.Release|x64.ActiveCfg = Release|x64
		{205A40B0-AADE-472F-A496-A562AB5AB232}.Release|x64.Build.0 = Release|x64
		{21BC99FF-63DC-412D-A8B0-6D642CC52CEB}.Debug|Win32.ActiveCfg = Debug|Win32
		{21BC99FF-63DC-412D-A8B0-6D642CC52CEB}.Debug|Win32.Build.0 = Debug|Win32
		{21BC99FF-63DC-412D-A8B0-6D642CC52CEB}.Debug|x64.ActiveCfg = Debug|x64
		{21BC99FF-63DC-412D-A8B0-6D642CC52CEB}.Debug|x64.Build.0 = Debug|x64
		{21BC99FF-63DC-412D-A8B0-6D642CC52CEB}.Release|Win32.ActiveCfg = Release|Win32
		{21BC99FF-63DC-412D-A8B0-6D642CC52CEB}.Release|Win32.Build.0 = Release|Win32
		{21BC99FF-63DC-412D-A8B0-6D642CC52CEB}.Release|x64.ActiveCfg = Release|x64
		{21BC99FF-63DC-412D-A8B0-6D642CC52CEB}.Release|x64.Build.0 = Release|x64
		{D436CA65-3086-479E-A39C-8F46377A18AF}.Debug|Win32.ActiveCfg = Debug|Win32
		{D436CA65-3086-479E-A39C-8F46377A18AF}.Debug|Win32.Build.0 = Debug|Win32
		{D436CA65-3086-479E-A39C-8F46377A18AF}.Debug|x64.ActiveCfg = Debug|x64
		{D436CA65-3086-479E-A39C-8F46377A18AF}.Debug|x64.Build.0 = Debug|x64
		{D436CA65-3086-479E-A39C-8F46377A18AF}.Release|Win32.ActiveCfg = Release|Win32
		{D436CA65-3086-479E-A39C-8F46377A18AF}.Release|Win32.Build.0 = Release|Win32
		{D436CA65-3086-479E-A39C-8F46377A18AF}.Release|x64.ActiveCfg = Release|x64
		{D436CA65-3086-479E-A39C-8F46377A18AF}.Release|x64.Build.0 = Release|x64
		{5971E06E-2356-4591-BE78-42BCF4BFD3B5}.Debug|Win32.ActiveCfg = Debug|Win32
		{5971E06E-2356-4591-BE78-42BCF4BFD3B5}.Debug|Win32.Build.0 = Debug|Win32
		{5971E06E-2356-4591-BE78-42BCF4BFD3B5}.Debug|x64.ActiveCfg = Debug|x64
		{5971E06E-2356-4591-BE78-42BCF4BFD3B5}.Debug|x64.Build.0 = Debug|x64
		{5971E06E-2356-4591-BE78-42BCF4BFD3B5}.Release|Win32.ActiveCfg = Release|Win32
		{5971E06E-2356-4591-BE78-42BCF4BFD3B5}.Release|Win32.Build.0 = Release|Win32
		{5971E06E-2356-4591-BE78-42BCF4BFD3B5}.Release|x64.ActiveCfg = Release|x64
		{5971E06E-2356-4591-BE78-42BCF4BFD3B5}.Release|x64.Build.0 = Release|x64
		{8FDAF1EA-5FC9-4879-B249-FF89B3888571}.Debug|Win32.ActiveCfg = Debug|Win32
		{8FDAF1EA-5FC9-4879-B249-FF89B3888571}.Debug|Win32.Build.0 = Debug|Win32
		{8FDAF1EA-5FC9-4879-B249-FF89B3888571}.Debug|x64.ActiveCfg = Debug|x64
		{8FDAF1EA-5FC9-4879-B249-FF89B3888571}.Debug|x64.Build.0 = Debug|x64
		{8FDAF1EA-5FC9-4879-B249-FF89B3888571}.Release|Win32.ActiveCfg = Release|Win32
		{8FDAF1EA-5FC9-4879-B249-FF89B3888571}.Release|Win32.Build.0 = Release|Win32
		{8FDAF1EA-5FC9-4879-B249-FF89B3888571}.Release|x64.ActiveCfg = Release|x64
		{8FDAF1EA-5FC9-4879-B249-FF89B3888571}.Release|x64.Build.0 = Release|x64
		{2AD3CB81-B7E2-4256-8AED-360A5D5CFCB4}.Debug|Win32.ActiveCfg = Debug|Win32
		{2AD3CB81-B7E2-4256-8AED-360A5D5CFCB4}.Debug|Win32.Build.0 = Debug|Win32
		{2AD3CB81-B7E2-4256-8AED-360A5D5CFCB4}.Debug|x64.ActiveCfg = Debug|x64
		{2AD3CB81-B7E2-4256-8AED-360A5D5CFCB4}.Debug|x64.Build.0 = Debug|x64
		{2AD3CB81-B7E2-4256-8AED-360A5D5CFCB4}.Release|Win32.ActiveCfg = Release|Win32
		{2AD3CB81-B7E2-4256-8AED-360A5D5CFCB4}.Release|Win32.Build.0 = Release|Win32
		{2AD3CB81-B7E2-4256-8AED-360A5D5CFCB4}.Release|x64.ActiveCfg = Release|x64
		{2AD3CB81-B7E2-4256-8AED-360A5D5CFCB4}.Release|x64.Build.0 = Release|x64
		{8A8C2120-9FFE-4470-B0C2-D1AB522F037D}.Debug|Win32.ActiveCfg = Debug|Win32
		{8A8C2120-9FFE-4470-B0C2-D1AB522F037D}.Debug|Win32.Build.0 = Debug|Win32
		{8A8C2120-9FFE-4470-B0C2-D1AB522F037D}.Debug|x64.ActiveCfg = Debug|x64
		{8A8C2120-9FFE-4470-B0C2-D1AB522F037D}.Debug|x64.Build.0 = Debug|x64
		{8A8C2120-9FFE-4470-B0C2-D1AB522F037D}.Release|Win32.ActiveCfg = Release|Win32
		{8A8C2120-9FFE-4470-B0C2-D1AB522F037D}.Release|Win32.Build.0 = Release|Win32
		{8A8C2120-9FFE-4470-B0C2-D1AB522F037D}.Release|x64.ActiveCfg = Release|x64
		{8A8C2120-9FFE-4470-B0C2-D1AB522F037D}.Release|x64.Build.0 = Release|x64
		{A1FE60F7-0FB4-4E23-BAED-0B109A24971C}.Debug|Win32.ActiveCfg = Debug|Win32
		{A1FE60F7-0FB4-4E23-BAED-0B109A24971C}.Debug|Win32.Build.0 = Debug|Win32
		{A1FE60F7-0FB4-4E23-BAED-0B109A24971C}.Debug|x64.ActiveCfg = Debug|x64
		{A1FE60F7-0FB4-4E23-BAED-0B109A24971C}.Debug|x64.Build.0 = Debug|x64
		{A1FE60F7-0FB4-4E23-BAED-0B109A24971C}.Release|Win32.ActiveCfg = Release|Win32
		{A1FE60F7-0FB4-4E23-BAED-0B109A24971C}.Release|Win32.Build.0 = Release|Win32
		{A1FE60F7-0FB4-4E23-BAED-0B109A24971C}.Release|x64.ActiveCfg = Release|x64
		{A1FE60F7-0FB4-4E23-BAED-0B109A24971C}.Release|x64.Build.0 = Release|x64
		{E0DCA678-34C6-44B1-B6CA-24F7CCD0A426}.Debug|Win32.ActiveCfg = Debug|Win32
		{E0DCA678-34C6-44B1-B6CA-24F7CCD0A426}.Debug|Win32.Build.0 = Debug|Win32
		{E0DCA678-34C6-44B1-B6CA-24F7CCD0A426}.Debug|x64.ActiveCfg = Debug|x64
		{E0DCA678-34C6-44B1-B6CA-24F7CCD0A426}.Debug|x64.Build.0 = Debug|x64
		{E0DCA678-34C6-44B1-B6CA-24F7CCD0A426}.Release|Win32.ActiveCfg = Release|Win32
		{E0DCA678-34C6-44B1-B6CA-24F7CCD0A426}.Release|Win32.Build.0 = Release|Win32
		{E0DCA678-34C6-44B1-B6CA-24F7CCD0A426}.Release|x64.ActiveCfg = Release|x64
		{E0DCA678-34C6-44B1-B6CA-24F7CCD0A426}.Release|x64.Build.0 = Release|x64
		{908AEE9A-D2FF-4520-A4AB-05991E8BDA47}.Debug|Win32.ActiveCfg = Debug|Win32
		{908AEE9A-D2FF-4520-A4AB-05991E8BDA47}.Debug|Win32.Build.0 = Debug|Win32
		{908AEE9A-D2FF-4520-A4AB-05991E8BDA47}.Debug|x64.ActiveCfg = Debug|x64
		{908AEE9A-D2FF-4520-A4AB-05991E8BDA47}.Debug|x64.Build.0 = Debug|x64
		{908AEE9A-D2FF-4520-A4AB-05991E8BDA47}.Release|Win32.ActiveCfg = Release|Win32
		{908AEE9A-D2FF-4520-A4AB-05991E8BDA47}.Release|Win32.Build.0 = Release|Win32
		{908AEE9A-D2FF-4520-A4AB-05991E8BDA47}.Release|x64.ActiveCfg = Release|x64
		{908AEE9A-D2FF-4520-A4AB-05991E8BDA47}.Release|x64.Build.0 = Release|x64
		{3F3AFCEF-4FD2-41BD-B761-EDD8E9AFF724}.Debug|Win32.ActiveCfg = Debug|Win32
		{3F3AFCEF-4FD2-41BD-B761-EDD8E9AFF724}.Debug|Win32.Build.0 = Debug|Win32
		{3F3AFCEF-4FD2-41BD-B761-EDD8E9AFF724}.Debug|x64.ActiveCfg = Debug|x64
		{3F3AFCEF-4FD2-41BD-B761-EDD8E9AFF724}.Debug|x64.Build.0 = Debug|x64
		{3F3AFCEF-4FD2-41BD-B761-EDD8E9AFF724}.Release|Win32.ActiveCfg = Release|Win32
		{3F3AFCEF-4FD2-41BD-B761-EDD8E9AFF724}.Release|Win32.Build.0 = Release|Win32
		{3F3AFCEF-4FD2-41BD-B761-EDD8E9AFF724}.Release|x64.ActiveCfg = Release|x64
		{3F3AFCEF-4FD2-41BD-B761-EDD8E9AFF724}.Release|x64.Build.0 = Release|x64
	EndGlobalSection
EndGlobal
